
Microsoft Visual Studio Solution File, Format Version 12.00
# Visual Studio 14
VisualStudioVersion = 14.0.23107.0
MinimumVisualStudioVersion = 10.0.40219.1
Project("{FAE04EC0-301F-11D3-BF4B-00C04F79EFBC}") = "Client", "Core\Client\Client.csproj", "{9749B258-EFAC-4384-8677-D7B2A2217356}"
	ProjectSection(ProjectDependencies) = postProject
		{11549DCE-3A75-4C4D-94E2-C5B2C6C5144C} = {11549DCE-3A75-4C4D-94E2-C5B2C6C5144C}
	EndProjectSection
EndProject
Project("{FAE04EC0-301F-11D3-BF4B-00C04F79EFBC}") = "Common", "Core\Common\Common.csproj", "{11549DCE-3A75-4C4D-94E2-C5B2C6C5144C}"
EndProject
Project("{FAE04EC0-301F-11D3-BF4B-00C04F79EFBC}") = "Server", "Core\Server\Server.csproj", "{67934705-6FC7-4B1B-BFF6-22D98BA135A7}"
	ProjectSection(ProjectDependencies) = postProject
		{11549DCE-3A75-4C4D-94E2-C5B2C6C5144C} = {11549DCE-3A75-4C4D-94E2-C5B2C6C5144C}
	EndProjectSection
EndProject
Project("{2150E333-8FDC-42A3-9474-1A3956D46DE8}") = "Core", "Core", "{0C8DECA4-1A15-4B40-ACDC-4161CE4B609F}"
EndProject
Project("{2150E333-8FDC-42A3-9474-1A3956D46DE8}") = "Plugins", "Plugins", "{4081D86C-BE24-4513-850A-B2BE0362D5CF}"
EndProject
Project("{FAE04EC0-301F-11D3-BF4B-00C04F79EFBC}") = "Test Server Plugin", "Plugins\Test Server Plugin\Test Server Plugin.csproj", "{B8DA750D-088F-481A-A7F0-5E4EE4CCDD58}"
EndProject
Project("{FAE04EC0-301F-11D3-BF4B-00C04F79EFBC}") = "Test Client Plugin", "Plugins\Test Client Plugin\Test Client Plugin.csproj", "{3E8BAA47-2616-4873-8735-4D192C725584}"
EndProject
Project("{FAE04EC0-301F-11D3-BF4B-00C04F79EFBC}") = "Client Blocks", "Plugins\Blocks\Client Blocks\Client Blocks.csproj", "{A278E381-7012-43CF-8F2C-D3744AE9C09B}"
EndProject
Project("{FAE04EC0-301F-11D3-BF4B-00C04F79EFBC}") = "Server Blocks", "Plugins\Blocks\Server Blocks\Server Blocks.csproj", "{F1171DB8-B11A-441C-B325-D371AB902ECF}"
EndProject
Project("{2150E333-8FDC-42A3-9474-1A3956D46DE8}") = "Blocks", "Blocks", "{C0BBBFDA-ABD3-4EAF-9A83-92CC11E87D68}"
EndProject
Project("{FAE04EC0-301F-11D3-BF4B-00C04F79EFBC}") = "Common Blocks", "Plugins\Blocks\Common Blocks\Common Blocks.csproj", "{A0E7AB06-82F9-4548-835B-BFA5E7E0D615}"
EndProject
Project("{2150E333-8FDC-42A3-9474-1A3956D46DE8}") = "Generator", "Generator", "{CE1DEF9A-4DF1-4C4A-9E2A-4A3424F4737D}"
EndProject
Project("{FAE04EC0-301F-11D3-BF4B-00C04F79EFBC}") = "Generator", "Plugins\Generator\Generator.csproj", "{EA5F4A09-B8A8-4EEA-8CC7-1C58738E7FB0}"
EndProject
Project("{2150E333-8FDC-42A3-9474-1A3956D46DE8}") = "Snake", "Snake", "{DFEBA794-9013-49DC-ABD1-4C505BC4CF82}"
EndProject
Project("{FAE04EC0-301F-11D3-BF4B-00C04F79EFBC}") = "Snake", "Plugins\Snake\Snake.csproj", "{8326D058-A612-43F8-8F0C-7E125BA47560}"
EndProject
Global
	GlobalSection(SolutionConfigurationPlatforms) = preSolution
		Debug|Any CPU = Debug|Any CPU
		Debug|x86 = Debug|x86
		Mono|Any CPU = Mono|Any CPU
		Mono|x86 = Mono|x86
		Release|Any CPU = Release|Any CPU
		Release|x86 = Release|x86
	EndGlobalSection
	GlobalSection(ProjectConfigurationPlatforms) = postSolution
		{9749B258-EFAC-4384-8677-D7B2A2217356}.Debug|Any CPU.ActiveCfg = Debug|x86
		{9749B258-EFAC-4384-8677-D7B2A2217356}.Debug|x86.ActiveCfg = Debug|x86
		{9749B258-EFAC-4384-8677-D7B2A2217356}.Debug|x86.Build.0 = Debug|x86
		{9749B258-EFAC-4384-8677-D7B2A2217356}.Mono|Any CPU.ActiveCfg = Mono|x86
		{9749B258-EFAC-4384-8677-D7B2A2217356}.Mono|x86.ActiveCfg = Mono|x86
		{9749B258-EFAC-4384-8677-D7B2A2217356}.Mono|x86.Build.0 = Mono|x86
		{9749B258-EFAC-4384-8677-D7B2A2217356}.Release|Any CPU.ActiveCfg = Release|x86
		{9749B258-EFAC-4384-8677-D7B2A2217356}.Release|x86.ActiveCfg = Release|x86
		{9749B258-EFAC-4384-8677-D7B2A2217356}.Release|x86.Build.0 = Release|x86
		{11549DCE-3A75-4C4D-94E2-C5B2C6C5144C}.Debug|Any CPU.ActiveCfg = Debug|Any CPU
		{11549DCE-3A75-4C4D-94E2-C5B2C6C5144C}.Debug|Any CPU.Build.0 = Debug|Any CPU
		{11549DCE-3A75-4C4D-94E2-C5B2C6C5144C}.Debug|x86.ActiveCfg = Debug|Any CPU
		{11549DCE-3A75-4C4D-94E2-C5B2C6C5144C}.Debug|x86.Build.0 = Debug|Any CPU
		{11549DCE-3A75-4C4D-94E2-C5B2C6C5144C}.Mono|Any CPU.ActiveCfg = Mono|Any CPU
		{11549DCE-3A75-4C4D-94E2-C5B2C6C5144C}.Mono|Any CPU.Build.0 = Mono|Any CPU
		{11549DCE-3A75-4C4D-94E2-C5B2C6C5144C}.Mono|x86.ActiveCfg = Mono|Any CPU
		{11549DCE-3A75-4C4D-94E2-C5B2C6C5144C}.Mono|x86.Build.0 = Mono|Any CPU
		{11549DCE-3A75-4C4D-94E2-C5B2C6C5144C}.Release|Any CPU.ActiveCfg = Release|Any CPU
		{11549DCE-3A75-4C4D-94E2-C5B2C6C5144C}.Release|Any CPU.Build.0 = Release|Any CPU
		{11549DCE-3A75-4C4D-94E2-C5B2C6C5144C}.Release|x86.ActiveCfg = Release|Any CPU
		{11549DCE-3A75-4C4D-94E2-C5B2C6C5144C}.Release|x86.Build.0 = Release|Any CPU
		{67934705-6FC7-4B1B-BFF6-22D98BA135A7}.Debug|Any CPU.ActiveCfg = Debug|Any CPU
		{67934705-6FC7-4B1B-BFF6-22D98BA135A7}.Debug|Any CPU.Build.0 = Debug|Any CPU
		{67934705-6FC7-4B1B-BFF6-22D98BA135A7}.Debug|x86.ActiveCfg = Debug|Any CPU
		{67934705-6FC7-4B1B-BFF6-22D98BA135A7}.Debug|x86.Build.0 = Debug|Any CPU
		{67934705-6FC7-4B1B-BFF6-22D98BA135A7}.Mono|Any CPU.ActiveCfg = Mono|Any CPU
		{67934705-6FC7-4B1B-BFF6-22D98BA135A7}.Mono|Any CPU.Build.0 = Mono|Any CPU
		{67934705-6FC7-4B1B-BFF6-22D98BA135A7}.Mono|x86.ActiveCfg = Mono|Any CPU
		{67934705-6FC7-4B1B-BFF6-22D98BA135A7}.Mono|x86.Build.0 = Mono|Any CPU
		{67934705-6FC7-4B1B-BFF6-22D98BA135A7}.Release|Any CPU.ActiveCfg = Release|Any CPU
		{67934705-6FC7-4B1B-BFF6-22D98BA135A7}.Release|Any CPU.Build.0 = Release|Any CPU
		{67934705-6FC7-4B1B-BFF6-22D98BA135A7}.Release|x86.ActiveCfg = Release|Any CPU
		{67934705-6FC7-4B1B-BFF6-22D98BA135A7}.Release|x86.Build.0 = Release|Any CPU
		{B8DA750D-088F-481A-A7F0-5E4EE4CCDD58}.Debug|Any CPU.ActiveCfg = Debug|Any CPU
		{B8DA750D-088F-481A-A7F0-5E4EE4CCDD58}.Debug|Any CPU.Build.0 = Debug|Any CPU
		{B8DA750D-088F-481A-A7F0-5E4EE4CCDD58}.Debug|x86.ActiveCfg = Debug|Any CPU
		{B8DA750D-088F-481A-A7F0-5E4EE4CCDD58}.Debug|x86.Build.0 = Debug|Any CPU
		{B8DA750D-088F-481A-A7F0-5E4EE4CCDD58}.Mono|Any CPU.ActiveCfg = Mono|Any CPU
		{B8DA750D-088F-481A-A7F0-5E4EE4CCDD58}.Mono|Any CPU.Build.0 = Mono|Any CPU
		{B8DA750D-088F-481A-A7F0-5E4EE4CCDD58}.Mono|x86.ActiveCfg = Mono|Any CPU
		{B8DA750D-088F-481A-A7F0-5E4EE4CCDD58}.Mono|x86.Build.0 = Mono|Any CPU
		{B8DA750D-088F-481A-A7F0-5E4EE4CCDD58}.Release|Any CPU.ActiveCfg = Release|Any CPU
		{B8DA750D-088F-481A-A7F0-5E4EE4CCDD58}.Release|Any CPU.Build.0 = Release|Any CPU
		{B8DA750D-088F-481A-A7F0-5E4EE4CCDD58}.Release|x86.ActiveCfg = Release|Any CPU
		{B8DA750D-088F-481A-A7F0-5E4EE4CCDD58}.Release|x86.Build.0 = Release|Any CPU
		{3E8BAA47-2616-4873-8735-4D192C725584}.Debug|Any CPU.ActiveCfg = Debug|Any CPU
		{3E8BAA47-2616-4873-8735-4D192C725584}.Debug|Any CPU.Build.0 = Debug|Any CPU
		{3E8BAA47-2616-4873-8735-4D192C725584}.Debug|x86.ActiveCfg = Debug|Any CPU
		{3E8BAA47-2616-4873-8735-4D192C725584}.Debug|x86.Build.0 = Debug|Any CPU
		{3E8BAA47-2616-4873-8735-4D192C725584}.Mono|Any CPU.ActiveCfg = Release|Any CPU
		{3E8BAA47-2616-4873-8735-4D192C725584}.Mono|Any CPU.Build.0 = Release|Any CPU
		{3E8BAA47-2616-4873-8735-4D192C725584}.Mono|x86.ActiveCfg = Release|Any CPU
		{3E8BAA47-2616-4873-8735-4D192C725584}.Mono|x86.Build.0 = Release|Any CPU
		{3E8BAA47-2616-4873-8735-4D192C725584}.Release|Any CPU.ActiveCfg = Release|Any CPU
		{3E8BAA47-2616-4873-8735-4D192C725584}.Release|Any CPU.Build.0 = Release|Any CPU
		{3E8BAA47-2616-4873-8735-4D192C725584}.Release|x86.ActiveCfg = Release|Any CPU
		{3E8BAA47-2616-4873-8735-4D192C725584}.Release|x86.Build.0 = Release|Any CPU
		{A278E381-7012-43CF-8F2C-D3744AE9C09B}.Debug|Any CPU.ActiveCfg = Debug|Any CPU
		{A278E381-7012-43CF-8F2C-D3744AE9C09B}.Debug|Any CPU.Build.0 = Debug|Any CPU
		{A278E381-7012-43CF-8F2C-D3744AE9C09B}.Debug|x86.ActiveCfg = Debug|Any CPU
		{A278E381-7012-43CF-8F2C-D3744AE9C09B}.Debug|x86.Build.0 = Debug|Any CPU
		{A278E381-7012-43CF-8F2C-D3744AE9C09B}.Mono|Any CPU.ActiveCfg = Release|Any CPU
		{A278E381-7012-43CF-8F2C-D3744AE9C09B}.Mono|Any CPU.Build.0 = Release|Any CPU
		{A278E381-7012-43CF-8F2C-D3744AE9C09B}.Mono|x86.ActiveCfg = Release|Any CPU
		{A278E381-7012-43CF-8F2C-D3744AE9C09B}.Mono|x86.Build.0 = Release|Any CPU
		{A278E381-7012-43CF-8F2C-D3744AE9C09B}.Release|Any CPU.ActiveCfg = Release|Any CPU
		{A278E381-7012-43CF-8F2C-D3744AE9C09B}.Release|Any CPU.Build.0 = Release|Any CPU
		{A278E381-7012-43CF-8F2C-D3744AE9C09B}.Release|x86.ActiveCfg = Release|Any CPU
		{A278E381-7012-43CF-8F2C-D3744AE9C09B}.Release|x86.Build.0 = Release|Any CPU
		{F1171DB8-B11A-441C-B325-D371AB902ECF}.Debug|Any CPU.ActiveCfg = Debug|Any CPU
		{F1171DB8-B11A-441C-B325-D371AB902ECF}.Debug|Any CPU.Build.0 = Debug|Any CPU
		{F1171DB8-B11A-441C-B325-D371AB902ECF}.Debug|x86.ActiveCfg = Debug|Any CPU
		{F1171DB8-B11A-441C-B325-D371AB902ECF}.Debug|x86.Build.0 = Debug|Any CPU
		{F1171DB8-B11A-441C-B325-D371AB902ECF}.Mono|Any CPU.ActiveCfg = Release|Any CPU
		{F1171DB8-B11A-441C-B325-D371AB902ECF}.Mono|Any CPU.Build.0 = Release|Any CPU
		{F1171DB8-B11A-441C-B325-D371AB902ECF}.Mono|x86.ActiveCfg = Release|Any CPU
		{F1171DB8-B11A-441C-B325-D371AB902ECF}.Mono|x86.Build.0 = Release|Any CPU
		{F1171DB8-B11A-441C-B325-D371AB902ECF}.Release|Any CPU.ActiveCfg = Release|Any CPU
		{F1171DB8-B11A-441C-B325-D371AB902ECF}.Release|Any CPU.Build.0 = Release|Any CPU
		{F1171DB8-B11A-441C-B325-D371AB902ECF}.Release|x86.ActiveCfg = Release|Any CPU
		{F1171DB8-B11A-441C-B325-D371AB902ECF}.Release|x86.Build.0 = Release|Any CPU
		{A0E7AB06-82F9-4548-835B-BFA5E7E0D615}.Debug|Any CPU.ActiveCfg = Debug|Any CPU
		{A0E7AB06-82F9-4548-835B-BFA5E7E0D615}.Debug|Any CPU.Build.0 = Debug|Any CPU
		{A0E7AB06-82F9-4548-835B-BFA5E7E0D615}.Debug|x86.ActiveCfg = Debug|Any CPU
		{A0E7AB06-82F9-4548-835B-BFA5E7E0D615}.Debug|x86.Build.0 = Debug|Any CPU
		{A0E7AB06-82F9-4548-835B-BFA5E7E0D615}.Mono|Any CPU.ActiveCfg = Release|Any CPU
		{A0E7AB06-82F9-4548-835B-BFA5E7E0D615}.Mono|Any CPU.Build.0 = Release|Any CPU
		{A0E7AB06-82F9-4548-835B-BFA5E7E0D615}.Mono|x86.ActiveCfg = Release|Any CPU
		{A0E7AB06-82F9-4548-835B-BFA5E7E0D615}.Mono|x86.Build.0 = Release|Any CPU
		{A0E7AB06-82F9-4548-835B-BFA5E7E0D615}.Release|Any CPU.ActiveCfg = Release|Any CPU
		{A0E7AB06-82F9-4548-835B-BFA5E7E0D615}.Release|Any CPU.Build.0 = Release|Any CPU
		{A0E7AB06-82F9-4548-835B-BFA5E7E0D615}.Release|x86.ActiveCfg = Release|Any CPU
		{A0E7AB06-82F9-4548-835B-BFA5E7E0D615}.Release|x86.Build.0 = Release|Any CPU
		{EA5F4A09-B8A8-4EEA-8CC7-1C58738E7FB0}.Debug|Any CPU.ActiveCfg = Debug|Any CPU
		{EA5F4A09-B8A8-4EEA-8CC7-1C58738E7FB0}.Debug|Any CPU.Build.0 = Debug|Any CPU
		{EA5F4A09-B8A8-4EEA-8CC7-1C58738E7FB0}.Debug|x86.ActiveCfg = Debug|Any CPU
		{EA5F4A09-B8A8-4EEA-8CC7-1C58738E7FB0}.Debug|x86.Build.0 = Debug|Any CPU
		{EA5F4A09-B8A8-4EEA-8CC7-1C58738E7FB0}.Mono|Any CPU.ActiveCfg = Release|Any CPU
		{EA5F4A09-B8A8-4EEA-8CC7-1C58738E7FB0}.Mono|Any CPU.Build.0 = Release|Any CPU
		{EA5F4A09-B8A8-4EEA-8CC7-1C58738E7FB0}.Mono|x86.ActiveCfg = Release|Any CPU
		{EA5F4A09-B8A8-4EEA-8CC7-1C58738E7FB0}.Mono|x86.Build.0 = Release|Any CPU
		{EA5F4A09-B8A8-4EEA-8CC7-1C58738E7FB0}.Release|Any CPU.ActiveCfg = Release|Any CPU
		{EA5F4A09-B8A8-4EEA-8CC7-1C58738E7FB0}.Release|Any CPU.Build.0 = Release|Any CPU
		{EA5F4A09-B8A8-4EEA-8CC7-1C58738E7FB0}.Release|x86.ActiveCfg = Release|Any CPU
		{EA5F4A09-B8A8-4EEA-8CC7-1C58738E7FB0}.Release|x86.Build.0 = Release|Any CPU
		{8326D058-A612-43F8-8F0C-7E125BA47560}.Debug|Any CPU.ActiveCfg = Debug|Any CPU
		{8326D058-A612-43F8-8F0C-7E125BA47560}.Debug|Any CPU.Build.0 = Debug|Any CPU
		{8326D058-A612-43F8-8F0C-7E125BA47560}.Debug|x86.ActiveCfg = Debug|Any CPU
		{8326D058-A612-43F8-8F0C-7E125BA47560}.Debug|x86.Build.0 = Debug|Any CPU
		{8326D058-A612-43F8-8F0C-7E125BA47560}.Mono|Any CPU.ActiveCfg = Release|Any CPU
		{8326D058-A612-43F8-8F0C-7E125BA47560}.Mono|Any CPU.Build.0 = Release|Any CPU
		{8326D058-A612-43F8-8F0C-7E125BA47560}.Mono|x86.ActiveCfg = Release|Any CPU
		{8326D058-A612-43F8-8F0C-7E125BA47560}.Mono|x86.Build.0 = Release|Any CPU
		{8326D058-A612-43F8-8F0C-7E125BA47560}.Release|Any CPU.ActiveCfg = Release|Any CPU
		{8326D058-A612-43F8-8F0C-7E125BA47560}.Release|Any CPU.Build.0 = Release|Any CPU
		{8326D058-A612-43F8-8F0C-7E125BA47560}.Release|x86.ActiveCfg = Release|Any CPU
		{8326D058-A612-43F8-8F0C-7E125BA47560}.Release|x86.Build.0 = Release|Any CPU
	EndGlobalSection
	GlobalSection(SolutionProperties) = preSolution
		HideSolutionNode = FALSE
	EndGlobalSection
	GlobalSection(NestedProjects) = preSolution
		{9749B258-EFAC-4384-8677-D7B2A2217356} = {0C8DECA4-1A15-4B40-ACDC-4161CE4B609F}
		{11549DCE-3A75-4C4D-94E2-C5B2C6C5144C} = {0C8DECA4-1A15-4B40-ACDC-4161CE4B609F}
		{67934705-6FC7-4B1B-BFF6-22D98BA135A7} = {0C8DECA4-1A15-4B40-ACDC-4161CE4B609F}
		{B8DA750D-088F-481A-A7F0-5E4EE4CCDD58} = {4081D86C-BE24-4513-850A-B2BE0362D5CF}
		{3E8BAA47-2616-4873-8735-4D192C725584} = {4081D86C-BE24-4513-850A-B2BE0362D5CF}
		{A278E381-7012-43CF-8F2C-D3744AE9C09B} = {C0BBBFDA-ABD3-4EAF-9A83-92CC11E87D68}
		{F1171DB8-B11A-441C-B325-D371AB902ECF} = {C0BBBFDA-ABD3-4EAF-9A83-92CC11E87D68}
		{C0BBBFDA-ABD3-4EAF-9A83-92CC11E87D68} = {4081D86C-BE24-4513-850A-B2BE0362D5CF}
		{A0E7AB06-82F9-4548-835B-BFA5E7E0D615} = {C0BBBFDA-ABD3-4EAF-9A83-92CC11E87D68}
		{CE1DEF9A-4DF1-4C4A-9E2A-4A3424F4737D} = {4081D86C-BE24-4513-850A-B2BE0362D5CF}
		{EA5F4A09-B8A8-4EEA-8CC7-1C58738E7FB0} = {CE1DEF9A-4DF1-4C4A-9E2A-4A3424F4737D}
		{DFEBA794-9013-49DC-ABD1-4C505BC4CF82} = {4081D86C-BE24-4513-850A-B2BE0362D5CF}
		{8326D058-A612-43F8-8F0C-7E125BA47560} = {DFEBA794-9013-49DC-ABD1-4C505BC4CF82}
	EndGlobalSection
EndGlobal
